
Microsoft Visual Studio Solution File, Format Version 12.00
# Visual Studio Version 17
VisualStudioVersion = 17.0.31903.59
MinimumVisualStudioVersion = 10.0.40219.1
Project("{FAE04EC0-301F-11D3-BF4B-00C04F79EFBC}") = "dojo.net", "dojo.net\dojo.net.csproj", "{18E0867A-508C-4CD8-9581-309CA7B5944C}"
EndProject
Project("{FAE04EC0-301F-11D3-BF4B-00C04F79EFBC}") = "dojo.net.tests", "dojo.net.tests\dojo.net.tests.csproj", "{2AE757C8-2D3C-438F-9533-0DAF94B8C1B0}"
EndProject
Global
	GlobalSection(SolutionConfigurationPlatforms) = preSolution
		Debug|Any CPU = Debug|Any CPU
		Release|Any CPU = Release|Any CPU
	EndGlobalSection
	GlobalSection(SolutionProperties) = preSolution
		HideSolutionNode = FALSE
	EndGlobalSection
	GlobalSection(ProjectConfigurationPlatforms) = postSolution
		{18E0867A-508C-4CD8-9581-309CA7B5944C}.Debug|Any CPU.ActiveCfg = Debug|Any CPU
		{18E0867A-508C-4CD8-9581-309CA7B5944C}.Debug|Any CPU.Build.0 = Debug|Any CPU
		{18E0867A-508C-4CD8-9581-309CA7B5944C}.Release|Any CPU.ActiveCfg = Release|Any CPU
		{18E0867A-508C-4CD8-9581-309CA7B5944C}.Release|Any CPU.Build.0 = Release|Any CPU
		{2AE757C8-2D3C-438F-9533-0DAF94B8C1B0}.Debug|Any CPU.ActiveCfg = Debug|Any CPU
		{2AE757C8-2D3C-438F-9533-0DAF94B8C1B0}.Debug|Any CPU.Build.0 = Debug|Any CPU
		{2AE757C8-2D3C-438F-9533-0DAF94B8C1B0}.Release|Any CPU.ActiveCfg = Release|Any CPU
		{2AE757C8-2D3C-438F-9533-0DAF94B8C1B0}.Release|Any CPU.Build.0 = Release|Any CPU
	EndGlobalSection
EndGlobal
